
Microsoft Visual Studio Solution File, Format Version 12.00
# Visual Studio Version 16
VisualStudioVersion = 16.0.30413.136
MinimumVisualStudioVersion = 10.0.40219.1
Project("{888888A0-9F3D-457C-B088-3A5042F75D52}") = "PythonAdivinha", "PythonAdivinha\PythonAdivinha.pyproj", "{24A030CC-F590-44DF-BECC-36D89DF6582F}"
EndProject
Global
	GlobalSection(SolutionConfigurationPlatforms) = preSolution
		Debug|Any CPU = Debug|Any CPU
		Release|Any CPU = Release|Any CPU
	EndGlobalSection
	GlobalSection(ProjectConfigurationPlatforms) = postSolution
		{24A030CC-F590-44DF-BECC-36D89DF6582F}.Debug|Any CPU.ActiveCfg = Debug|Any CPU
		{24A030CC-F590-44DF-BECC-36D89DF6582F}.Release|Any CPU.ActiveCfg = Release|Any CPU
	EndGlobalSection
	GlobalSection(SolutionProperties) = preSolution
		HideSolutionNode = FALSE
	EndGlobalSection
	GlobalSection(ExtensibilityGlobals) = postSolution
		SolutionGuid = {58B09B56-2001-4071-8A4D-9FABFDED6B46}
	EndGlobalSection
EndGlobal
